
Microsoft Visual Studio Solution File, Format Version 12.00
# Visual Studio 2013
VisualStudioVersion = 12.0.21005.1
MinimumVisualStudioVersion = 10.0.40219.1
Project("{FAE04EC0-301F-11D3-BF4B-00C04F79EFBC}") = "LazySharp.Roslyn", "LazySharp.Roslyn\LazySharp.Roslyn.csproj", "{D70EE6ED-5060-4C78-AD04-3E5D76225ED2}"
EndProject
Project("{FAE04EC0-301F-11D3-BF4B-00C04F79EFBC}") = "LazySharp.Roslyn.New", "LazySharp.Roslyn\LazySharp.Roslyn.New.csproj", "{C425C092-2E32-4AC8-8DF5-A09E88309EC9}"
EndProject
Global
	GlobalSection(SolutionConfigurationPlatforms) = preSolution
		Debug|x86 = Debug|x86
		Release|x86 = Release|x86
	EndGlobalSection
	GlobalSection(ProjectConfigurationPlatforms) = postSolution
		{D70EE6ED-5060-4C78-AD04-3E5D76225ED2}.Debug|x86.ActiveCfg = Debug|x86
		{D70EE6ED-5060-4C78-AD04-3E5D76225ED2}.Debug|x86.Build.0 = Debug|x86
		{D70EE6ED-5060-4C78-AD04-3E5D76225ED2}.Release|x86.ActiveCfg = Release|x86
		{D70EE6ED-5060-4C78-AD04-3E5D76225ED2}.Release|x86.Build.0 = Release|x86
		{C425C092-2E32-4AC8-8DF5-A09E88309EC9}.Debug|x86.ActiveCfg = Debug|x86
		{C425C092-2E32-4AC8-8DF5-A09E88309EC9}.Debug|x86.Build.0 = Debug|x86
		{C425C092-2E32-4AC8-8DF5-A09E88309EC9}.Release|x86.ActiveCfg = Release|x86
		{C425C092-2E32-4AC8-8DF5-A09E88309EC9}.Release|x86.Build.0 = Release|x86
	EndGlobalSection
	GlobalSection(SolutionProperties) = preSolution
		HideSolutionNode = FALSE
	EndGlobalSection
EndGlobal
